// !$*UTF8*$!
{
	archiveVersion = 1;
	classes = {
	};
	objectVersion = 56;
	objects = {

/* Begin PBXBuildFile section */
		BC57F00B29E8BAFB0018CF9D /* ScrollViewSectionKitExampleApp.swift in Sources */ = {isa = PBXBuildFile; fileRef = BC57F00A29E8BAFB0018CF9D /* ScrollViewSectionKitExampleApp.swift */; };
		BC57F00D29E8BAFB0018CF9D /* ContentView.swift in Sources */ = {isa = PBXBuildFile; fileRef = BC57F00C29E8BAFB0018CF9D /* ContentView.swift */; };
		BC57F00F29E8BAFB0018CF9D /* Assets.xcassets in Resources */ = {isa = PBXBuildFile; fileRef = BC57F00E29E8BAFB0018CF9D /* Assets.xcassets */; };
		BC57F01A29E8BB4D0018CF9D /* ScrollViewSectionKit in Frameworks */ = {isa = PBXBuildFile; productRef = BC57F01929E8BB4D0018CF9D /* ScrollViewSectionKit */; };
		BC8B91E429E9C2B400ED7EBE /* RoundedCornersShape.swift in Sources */ = {isa = PBXBuildFile; fileRef = BC8B91E329E9C2B400ED7EBE /* RoundedCornersShape.swift */; };
		BC8B91E729E9C2E300ED7EBE /* CustomScrollViewSectionStyle.swift in Sources */ = {isa = PBXBuildFile; fileRef = BC8B91E629E9C2E300ED7EBE /* CustomScrollViewSectionStyle.swift */; };
		BC93AA9D29E9C1AB0098FB24 /* Item.swift in Sources */ = {isa = PBXBuildFile; fileRef = BC93AA9C29E9C1AB0098FB24 /* Item.swift */; };
/* End PBXBuildFile section */

/* Begin PBXFileReference section */
		BC57F00729E8BAFB0018CF9D /* ScrollViewSectionKitExample.app */ = {isa = PBXFileReference; explicitFileType = wrapper.application; includeInIndex = 0; path = ScrollViewSectionKitExample.app; sourceTree = BUILT_PRODUCTS_DIR; };
		BC57F00A29E8BAFB0018CF9D /* ScrollViewSectionKitExampleApp.swift */ = {isa = PBXFileReference; lastKnownFileType = sourcecode.swift; path = ScrollViewSectionKitExampleApp.swift; sourceTree = "<group>"; };
		BC57F00C29E8BAFB0018CF9D /* ContentView.swift */ = {isa = PBXFileReference; lastKnownFileType = sourcecode.swift; path = ContentView.swift; sourceTree = "<group>"; };
		BC57F00E29E8BAFB0018CF9D /* Assets.xcassets */ = {isa = PBXFileReference; lastKnownFileType = folder.assetcatalog; path = Assets.xcassets; sourceTree = "<group>"; };
		BC8B91E329E9C2B400ED7EBE /* RoundedCornersShape.swift */ = {isa = PBXFileReference; lastKnownFileType = sourcecode.swift; path = RoundedCornersShape.swift; sourceTree = "<group>"; };
		BC8B91E629E9C2E300ED7EBE /* CustomScrollViewSectionStyle.swift */ = {isa = PBXFileReference; lastKnownFileType = sourcecode.swift; path = CustomScrollViewSectionStyle.swift; sourceTree = "<group>"; };
		BC93AA9C29E9C1AB0098FB24 /* Item.swift */ = {isa = PBXFileReference; lastKnownFileType = sourcecode.swift; path = Item.swift; sourceTree = "<group>"; };
/* End PBXFileReference section */

/* Begin PBXFrameworksBuildPhase section */
		BC57F00429E8BAFA0018CF9D /* Frameworks */ = {
			isa = PBXFrameworksBuildPhase;
			buildActionMask = 2147483647;
			files = (
				BC57F01A29E8BB4D0018CF9D /* ScrollViewSectionKit in Frameworks */,
			);
			runOnlyForDeploymentPostprocessing = 0;
		};
/* End PBXFrameworksBuildPhase section */

/* Begin PBXGroup section */
		BC57EFFE29E8BAFA0018CF9D = {
			isa = PBXGroup;
			children = (
				BC57F00929E8BAFB0018CF9D /* ScrollViewSectionKitExample */,
				BC57F00829E8BAFB0018CF9D /* Products */,
			);
			sourceTree = "<group>";
		};
		BC57F00829E8BAFB0018CF9D /* Products */ = {
			isa = PBXGroup;
			children = (
				BC57F00729E8BAFB0018CF9D /* ScrollViewSectionKitExample.app */,
			);
			name = Products;
			sourceTree = "<group>";
		};
		BC57F00929E8BAFB0018CF9D /* ScrollViewSectionKitExample */ = {
			isa = PBXGroup;
			children = (
				BC93AA9F29E9C1CB0098FB24 /* Application */,
				BC93AA9B29E9C1A40098FB24 /* Model */,
				BC93AA9E29E9C1B70098FB24 /* Screens */,
				BC8B91E129E9C29D00ED7EBE /* View */,
			);
			path = ScrollViewSectionKitExample;
			sourceTree = "<group>";
		};
		BC8B91E129E9C29D00ED7EBE /* View */ = {
			isa = PBXGroup;
			children = (
				BC8B91E529E9C2D200ED7EBE /* Scroll View Section Style */,
				BC8B91E229E9C2A200ED7EBE /* Shape */,
			);
			path = View;
			sourceTree = "<group>";
		};
		BC8B91E229E9C2A200ED7EBE /* Shape */ = {
			isa = PBXGroup;
			children = (
				BC8B91E329E9C2B400ED7EBE /* RoundedCornersShape.swift */,
			);
			path = Shape;
			sourceTree = "<group>";
		};
		BC8B91E529E9C2D200ED7EBE /* Scroll View Section Style */ = {
			isa = PBXGroup;
			children = (
				BC8B91E629E9C2E300ED7EBE /* CustomScrollViewSectionStyle.swift */,
			);
			path = "Scroll View Section Style";
			sourceTree = "<group>";
		};
		BC93AA9B29E9C1A40098FB24 /* Model */ = {
			isa = PBXGroup;
			children = (
				BC93AA9C29E9C1AB0098FB24 /* Item.swift */,
			);
			path = Model;
			sourceTree = "<group>";
		};
		BC93AA9E29E9C1B70098FB24 /* Screens */ = {
			isa = PBXGroup;
			children = (
				BC57F00C29E8BAFB0018CF9D /* ContentView.swift */,
			);
			path = Screens;
			sourceTree = "<group>";
		};
		BC93AA9F29E9C1CB0098FB24 /* Application */ = {
			isa = PBXGroup;
			children = (
				BC57F00A29E8BAFB0018CF9D /* ScrollViewSectionKitExampleApp.swift */,
				BC93AAA029E9C1CE0098FB24 /* Resources */,
			);
			path = Application;
			sourceTree = "<group>";
		};
		BC93AAA029E9C1CE0098FB24 /* Resources */ = {
			isa = PBXGroup;
			children = (
				BC57F00E29E8BAFB0018CF9D /* Assets.xcassets */,
			);
			path = Resources;
			sourceTree = "<group>";
		};
/* End PBXGroup section */

/* Begin PBXNativeTarget section */
		BC57F00629E8BAFA0018CF9D /* ScrollViewSectionKitExample */ = {
			isa = PBXNativeTarget;
			buildConfigurationList = BC57F01529E8BAFB0018CF9D /* Build configuration list for PBXNativeTarget "ScrollViewSectionKitExample" */;
			buildPhases = (
				BC57F00329E8BAFA0018CF9D /* Sources */,
				BC57F00429E8BAFA0018CF9D /* Frameworks */,
				BC57F00529E8BAFA0018CF9D /* Resources */,
			);
			buildRules = (
			);
			dependencies = (
			);
			name = ScrollViewSectionKitExample;
			packageProductDependencies = (
				BC57F01929E8BB4D0018CF9D /* ScrollViewSectionKit */,
			);
			productName = ScrollViewSectionKitExample;
			productReference = BC57F00729E8BAFB0018CF9D /* ScrollViewSectionKitExample.app */;
			productType = "com.apple.product-type.application";
		};
/* End PBXNativeTarget section */

/* Begin PBXProject section */
		BC57EFFF29E8BAFA0018CF9D /* Project object */ = {
			isa = PBXProject;
			attributes = {
				BuildIndependentTargetsInParallel = 1;
				LastSwiftUpdateCheck = 1430;
				LastUpgradeCheck = 1430;
				TargetAttributes = {
					BC57F00629E8BAFA0018CF9D = {
						CreatedOnToolsVersion = 14.3;
					};
				};
			};
			buildConfigurationList = BC57F00229E8BAFA0018CF9D /* Build configuration list for PBXProject "ScrollViewSectionKitExample" */;
			compatibilityVersion = "Xcode 14.0";
			developmentRegion = en;
			hasScannedForEncodings = 0;
			knownRegions = (
				en,
				Base,
			);
			mainGroup = BC57EFFE29E8BAFA0018CF9D;
			packageReferences = (
				BC57F01829E8BB4D0018CF9D /* XCRemoteSwiftPackageReference "ScrollViewSectionKit" */,
			);
			productRefGroup = BC57F00829E8BAFB0018CF9D /* Products */;
			projectDirPath = "";
			projectRoot = "";
			targets = (
				BC57F00629E8BAFA0018CF9D /* ScrollViewSectionKitExample */,
			);
		};
/* End PBXProject section */

/* Begin PBXResourcesBuildPhase section */
		BC57F00529E8BAFA0018CF9D /* Resources */ = {
			isa = PBXResourcesBuildPhase;
			buildActionMask = 2147483647;
			files = (
				BC57F00F29E8BAFB0018CF9D /* Assets.xcassets in Resources */,
			);
			runOnlyForDeploymentPostprocessing = 0;
		};
/* End PBXResourcesBuildPhase section */

/* Begin PBXSourcesBuildPhase section */
		BC57F00329E8BAFA0018CF9D /* Sources */ = {
			isa = PBXSourcesBuildPhase;
			buildActionMask = 2147483647;
			files = (
				BC57F00D29E8BAFB0018CF9D /* ContentView.swift in Sources */,
				BC57F00B29E8BAFB0018CF9D /* ScrollViewSectionKitExampleApp.swift in Sources */,
				BC8B91E429E9C2B400ED7EBE /* RoundedCornersShape.swift in Sources */,
				BC93AA9D29E9C1AB0098FB24 /* Item.swift in Sources */,
				BC8B91E729E9C2E300ED7EBE /* CustomScrollViewSectionStyle.swift in Sources */,
			);
			runOnlyForDeploymentPostprocessing = 0;
		};
/* End PBXSourcesBuildPhase section */

/* Begin XCBuildConfiguration section */
		BC57F01329E8BAFB0018CF9D /* Debug */ = {
			isa = XCBuildConfiguration;
			buildSettings = {
				ALWAYS_SEARCH_USER_PATHS = NO;
				CLANG_ANALYZER_NONNULL = YES;
				CLANG_ANALYZER_NUMBER_OBJECT_CONVERSION = YES_AGGRESSIVE;
				CLANG_CXX_LANGUAGE_STANDARD = "gnu++20";
				CLANG_ENABLE_MODULES = YES;
				CLANG_ENABLE_OBJC_ARC = YES;
				CLANG_ENABLE_OBJC_WEAK = YES;
				CLANG_WARN_BLOCK_CAPTURE_AUTORELEASING = YES;
				CLANG_WARN_BOOL_CONVERSION = YES;
				CLANG_WARN_COMMA = YES;
				CLANG_WARN_CONSTANT_CONVERSION = YES;
				CLANG_WARN_DEPRECATED_OBJC_IMPLEMENTATIONS = YES;
				CLANG_WARN_DIRECT_OBJC_ISA_USAGE = YES_ERROR;
				CLANG_WARN_DOCUMENTATION_COMMENTS = YES;
				CLANG_WARN_EMPTY_BODY = YES;
				CLANG_WARN_ENUM_CONVERSION = YES;
				CLANG_WARN_INFINITE_RECURSION = YES;
				CLANG_WARN_INT_CONVERSION = YES;
				CLANG_WARN_NON_LITERAL_NULL_CONVERSION = YES;
				CLANG_WARN_OBJC_IMPLICIT_RETAIN_SELF = YES;
				CLANG_WARN_OBJC_LITERAL_CONVERSION = YES;
				CLANG_WARN_OBJC_ROOT_CLASS = YES_ERROR;
				CLANG_WARN_QUOTED_INCLUDE_IN_FRAMEWORK_HEADER = YES;
				CLANG_WARN_RANGE_LOOP_ANALYSIS = YES;
				CLANG_WARN_STRICT_PROTOTYPES = YES;
				CLANG_WARN_SUSPICIOUS_MOVE = YES;
				CLANG_WARN_UNGUARDED_AVAILABILITY = YES_AGGRESSIVE;
				CLANG_WARN_UNREACHABLE_CODE = YES;
				CLANG_WARN__DUPLICATE_METHOD_MATCH = YES;
				COPY_PHASE_STRIP = NO;
				DEBUG_INFORMATION_FORMAT = dwarf;
				ENABLE_STRICT_OBJC_MSGSEND = YES;
				ENABLE_TESTABILITY = YES;
				GCC_C_LANGUAGE_STANDARD = gnu11;
				GCC_DYNAMIC_NO_PIC = NO;
				GCC_NO_COMMON_BLOCKS = YES;
				GCC_OPTIMIZATION_LEVEL = 0;
				GCC_PREPROCESSOR_DEFINITIONS = (
					"DEBUG=1",
					"$(inherited)",
				);
				GCC_WARN_64_TO_32_BIT_CONVERSION = YES;
				GCC_WARN_ABOUT_RETURN_TYPE = YES_ERROR;
				GCC_WARN_UNDECLARED_SELECTOR = YES;
				GCC_WARN_UNINITIALIZED_AUTOS = YES_AGGRESSIVE;
				GCC_WARN_UNUSED_FUNCTION = YES;
				GCC_WARN_UNUSED_VARIABLE = YES;
				IPHONEOS_DEPLOYMENT_TARGET = 16.4;
				MTL_ENABLE_DEBUG_INFO = INCLUDE_SOURCE;
				MTL_FAST_MATH = YES;
				ONLY_ACTIVE_ARCH = YES;
				SDKROOT = iphoneos;
				SWIFT_ACTIVE_COMPILATION_CONDITIONS = DEBUG;
				SWIFT_OPTIMIZATION_LEVEL = "-Onone";
			};
			name = Debug;
		};
		BC57F01429E8BAFB0018CF9D /* Release */ = {
			isa = XCBuildConfiguration;
			buildSettings = {
				ALWAYS_SEARCH_USER_PATHS = NO;
				CLANG_ANALYZER_NONNULL = YES;
				CLANG_ANALYZER_NUMBER_OBJECT_CONVERSION = YES_AGGRESSIVE;
				CLANG_CXX_LANGUAGE_STANDARD = "gnu++20";
				CLANG_ENABLE_MODULES = YES;
				CLANG_ENABLE_OBJC_ARC = YES;
				CLANG_ENABLE_OBJC_WEAK = YES;
				CLANG_WARN_BLOCK_CAPTURE_AUTORELEASING = YES;
				CLANG_WARN_BOOL_CONVERSION = YES;
				CLANG_WARN_COMMA = YES;
				CLANG_WARN_CONSTANT_CONVERSION = YES;
				CLANG_WARN_DEPRECATED_OBJC_IMPLEMENTATIONS = YES;
				CLANG_WARN_DIRECT_OBJC_ISA_USAGE = YES_ERROR;
				CLANG_WARN_DOCUMENTATION_COMMENTS = YES;
				CLANG_WARN_EMPTY_BODY = YES;
				CLANG_WARN_ENUM_CONVERSION = YES;
				CLANG_WARN_INFINITE_RECURSION = YES;
				CLANG_WARN_INT_CONVERSION = YES;
				CLANG_WARN_NON_LITERAL_NULL_CONVERSION = YES;
				CLANG_WARN_OBJC_IMPLICIT_RETAIN_SELF = YES;
				CLANG_WARN_OBJC_LITERAL_CONVERSION = YES;
				CLANG_WARN_OBJC_ROOT_CLASS = YES_ERROR;
				CLANG_WARN_QUOTED_INCLUDE_IN_FRAMEWORK_HEADER = YES;
				CLANG_WARN_RANGE_LOOP_ANALYSIS = YES;
				CLANG_WARN_STRICT_PROTOTYPES = YES;
				CLANG_WARN_SUSPICIOUS_MOVE = YES;
				CLANG_WARN_UNGUARDED_AVAILABILITY = YES_AGGRESSIVE;
				CLANG_WARN_UNREACHABLE_CODE = YES;
				CLANG_WARN__DUPLICATE_METHOD_MATCH = YES;
				COPY_PHASE_STRIP = NO;
				DEBUG_INFORMATION_FORMAT = "dwarf-with-dsym";
				ENABLE_NS_ASSERTIONS = NO;
				ENABLE_STRICT_OBJC_MSGSEND = YES;
				GCC_C_LANGUAGE_STANDARD = gnu11;
				GCC_NO_COMMON_BLOCKS = YES;
				GCC_WARN_64_TO_32_BIT_CONVERSION = YES;
				GCC_WARN_ABOUT_RETURN_TYPE = YES_ERROR;
				GCC_WARN_UNDECLARED_SELECTOR = YES;
				GCC_WARN_UNINITIALIZED_AUTOS = YES_AGGRESSIVE;
				GCC_WARN_UNUSED_FUNCTION = YES;
				GCC_WARN_UNUSED_VARIABLE = YES;
				IPHONEOS_DEPLOYMENT_TARGET = 16.4;
				MTL_ENABLE_DEBUG_INFO = NO;
				MTL_FAST_MATH = YES;
				SDKROOT = iphoneos;
				SWIFT_COMPILATION_MODE = wholemodule;
				SWIFT_OPTIMIZATION_LEVEL = "-O";
				VALIDATE_PRODUCT = YES;
			};
			name = Release;
		};
		BC57F01629E8BAFB0018CF9D /* Debug */ = {
			isa = XCBuildConfiguration;
			buildSettings = {
				ASSETCATALOG_COMPILER_APPICON_NAME = AppIcon;
				ASSETCATALOG_COMPILER_GLOBAL_ACCENT_COLOR_NAME = AccentColor;
				CODE_SIGN_STYLE = Automatic;
				CURRENT_PROJECT_VERSION = 1;
				DEVELOPMENT_TEAM = X4T9375W55;
				ENABLE_PREVIEWS = YES;
				GENERATE_INFOPLIST_FILE = YES;
				INFOPLIST_KEY_UIApplicationSceneManifest_Generation = YES;
				INFOPLIST_KEY_UIApplicationSupportsIndirectInputEvents = YES;
				INFOPLIST_KEY_UILaunchScreen_Generation = YES;
				INFOPLIST_KEY_UISupportedInterfaceOrientations_iPad = "UIInterfaceOrientationPortrait UIInterfaceOrientationPortraitUpsideDown UIInterfaceOrientationLandscapeLeft UIInterfaceOrientationLandscapeRight";
				INFOPLIST_KEY_UISupportedInterfaceOrientations_iPhone = "UIInterfaceOrientationPortrait UIInterfaceOrientationLandscapeLeft UIInterfaceOrientationLandscapeRight";
				IPHONEOS_DEPLOYMENT_TARGET = 15.0;
				LD_RUNPATH_SEARCH_PATHS = (
					"$(inherited)",
					"@executable_path/Frameworks",
				);
				MARKETING_VERSION = 1.0;
				PRODUCT_BUNDLE_IDENTIFIER = com.pavolkmet.ScrollViewSectionKitExample;
				PRODUCT_NAME = "$(TARGET_NAME)";
				SWIFT_EMIT_LOC_STRINGS = YES;
				SWIFT_VERSION = 5.0;
				TARGETED_DEVICE_FAMILY = "1,2";
			};
			name = Debug;
		};
		BC57F01729E8BAFB0018CF9D /* Release */ = {
			isa = XCBuildConfiguration;
			buildSettings = {
				ASSETCATALOG_COMPILER_APPICON_NAME = AppIcon;
				ASSETCATALOG_COMPILER_GLOBAL_ACCENT_COLOR_NAME = AccentColor;
				CODE_SIGN_STYLE = Automatic;
				CURRENT_PROJECT_VERSION = 1;
				DEVELOPMENT_TEAM = X4T9375W55;
				ENABLE_PREVIEWS = YES;
				GENERATE_INFOPLIST_FILE = YES;
				INFOPLIST_KEY_UIApplicationSceneManifest_Generation = YES;
				INFOPLIST_KEY_UIApplicationSupportsIndirectInputEvents = YES;
				INFOPLIST_KEY_UILaunchScreen_Generation = YES;
				INFOPLIST_KEY_UISupportedInterfaceOrientations_iPad = "UIInterfaceOrientationPortrait UIInterfaceOrientationPortraitUpsideDown UIInterfaceOrientationLandscapeLeft UIInterfaceOrientationLandscapeRight";
				INFOPLIST_KEY_UISupportedInterfaceOrientations_iPhone = "UIInterfaceOrientationPortrait UIInterfaceOrientationLandscapeLeft UIInterfaceOrientationLandscapeRight";
				IPHONEOS_DEPLOYMENT_TARGET = 15.0;
				LD_RUNPATH_SEARCH_PATHS = (
					"$(inherited)",
					"@executable_path/Frameworks",
				);
				MARKETING_VERSION = 1.0;
				PRODUCT_BUNDLE_IDENTIFIER = com.pavolkmet.ScrollViewSectionKitExample;
				PRODUCT_NAME = "$(TARGET_NAME)";
				SWIFT_EMIT_LOC_STRINGS = YES;
				SWIFT_VERSION = 5.0;
				TARGETED_DEVICE_FAMILY = "1,2";
			};
			name = Release;
		};
/* End XCBuildConfiguration section */

/* Begin XCConfigurationList section */
		BC57F00229E8BAFA0018CF9D /* Build configuration list for PBXProject "ScrollViewSectionKitExample" */ = {
			isa = XCConfigurationList;
			buildConfigurations = (
				BC57F01329E8BAFB0018CF9D /* Debug */,
				BC57F01429E8BAFB0018CF9D /* Release */,
			);
			defaultConfigurationIsVisible = 0;
			defaultConfigurationName = Release;
		};
		BC57F01529E8BAFB0018CF9D /* Build configuration list for PBXNativeTarget "ScrollViewSectionKitExample" */ = {
			isa = XCConfigurationList;
			buildConfigurations = (
				BC57F01629E8BAFB0018CF9D /* Debug */,
				BC57F01729E8BAFB0018CF9D /* Release */,
			);
			defaultConfigurationIsVisible = 0;
			defaultConfigurationName = Release;
		};
/* End XCConfigurationList section */

/* Begin XCRemoteSwiftPackageReference section */
		BC57F01829E8BB4D0018CF9D /* XCRemoteSwiftPackageReference "ScrollViewSectionKit" */ = {
			isa = XCRemoteSwiftPackageReference;
			repositoryURL = "https://github.com/pavolkmet/ScrollViewSectionKit";
			requirement = {
				branch = main;
				kind = branch;
			};
		};
/* End XCRemoteSwiftPackageReference section */

/* Begin XCSwiftPackageProductDependency section */
		BC57F01929E8BB4D0018CF9D /* ScrollViewSectionKit */ = {
			isa = XCSwiftPackageProductDependency;
			package = BC57F01829E8BB4D0018CF9D /* XCRemoteSwiftPackageReference "ScrollViewSectionKit" */;
			productName = ScrollViewSectionKit;
		};
/* End XCSwiftPackageProductDependency section */
	};
	rootObject = BC57EFFF29E8BAFA0018CF9D /* Project object */;
}
