{
  "originHash" : "7ec3e8b733e8c1bff9d58c43188e73adfaeb40b46d9336c3e1908e5f519daa75",
  "pins" : [
    {
      "identity" : "scrollviewsectionkit",
      "kind" : "remoteSourceControl",
      "location" : "https://github.com/pavolkmet/ScrollViewSectionKit",
      "state" : {
        "branch" : "develop",
        "revision" : "6e3cacff9866bcd7ebaa0a93805637cd255779d8"
      }
    }
  ],
  "version" : 3
}
