{
  "pins" : [
    {
      "identity" : "scrollviewsectionkit",
      "kind" : "remoteSourceControl",
      "location" : "https://github.com/pavolkmet/ScrollViewSectionKit",
      "state" : {
        "branch" : "main",
        "revision" : "b3aaf54cf07cc21a44af2c7df8d436a42107730e"
      }
    }
  ],
  "version" : 2
}
