{
  "pins" : [
    {
      "identity" : "scrollviewsectionkit",
      "kind" : "remoteSourceControl",
      "location" : "https://github.com/pavolkmet/ScrollViewSectionKit",
      "state" : {
        "branch" : "main",
        "revision" : "4ae68b72868aea2eaa8a68f0d5b781b4c0d5c75e"
      }
    }
  ],
  "version" : 2
}
